
Microsoft Visual Studio Solution File, Format Version 12.00
# Visual Studio Version 17
VisualStudioVersion = 17.3.32929.385
MinimumVisualStudioVersion = 10.0.40219.1
Project("{FAE04EC0-301F-11D3-BF4B-00C04F79EFBC}") = "CSV-Merge", "CSV-Merge\CSV-Merge.csproj", "{6A5F0DC6-6B63-4285-B00C-F0EE46105BCB}"
EndProject
Global
	GlobalSection(SolutionConfigurationPlatforms) = preSolution
		Debug|Any CPU = Debug|Any CPU
		Release|Any CPU = Release|Any CPU
	EndGlobalSection
	GlobalSection(ProjectConfigurationPlatforms) = postSolution
		{6A5F0DC6-6B63-4285-B00C-F0EE46105BCB}.Debug|Any CPU.ActiveCfg = Debug|Any CPU
		{6A5F0DC6-6B63-4285-B00C-F0EE46105BCB}.Debug|Any CPU.Build.0 = Debug|Any CPU
		{6A5F0DC6-6B63-4285-B00C-F0EE46105BCB}.Release|Any CPU.ActiveCfg = Release|Any CPU
		{6A5F0DC6-6B63-4285-B00C-F0EE46105BCB}.Release|Any CPU.Build.0 = Release|Any CPU
	EndGlobalSection
	GlobalSection(SolutionProperties) = preSolution
		HideSolutionNode = FALSE
	EndGlobalSection
	GlobalSection(ExtensibilityGlobals) = postSolution
		SolutionGuid = {2EF33F71-86CA-4E31-98EA-8CA8AF06FC60}
	EndGlobalSection
EndGlobal
